
Microsoft Visual Studio Solution File, Format Version 12.00
Project("{FAE04EC0-301F-11D3-BF4B-00C04F79EFBC}") = "homework7", "homework7\homework7.csproj", "{289BB51E-BD37-4C7C-B6CA-459C21479B3D}"
EndProject
Global
	GlobalSection(SolutionConfigurationPlatforms) = preSolution
		Debug|Any CPU = Debug|Any CPU
		Release|Any CPU = Release|Any CPU
	EndGlobalSection
	GlobalSection(ProjectConfigurationPlatforms) = postSolution
		{289BB51E-BD37-4C7C-B6CA-459C21479B3D}.Debug|Any CPU.ActiveCfg = Debug|Any CPU
		{289BB51E-BD37-4C7C-B6CA-459C21479B3D}.Debug|Any CPU.Build.0 = Debug|Any CPU
		{289BB51E-BD37-4C7C-B6CA-459C21479B3D}.Release|Any CPU.ActiveCfg = Release|Any CPU
		{289BB51E-BD37-4C7C-B6CA-459C21479B3D}.Release|Any CPU.Build.0 = Release|Any CPU
	EndGlobalSection
EndGlobal
